
Microsoft Visual Studio Solution File, Format Version 12.00
# Visual Studio Version 17
VisualStudioVersion = 17.3.32929.385
MinimumVisualStudioVersion = 10.0.40219.1
Project("{FAE04EC0-301F-11D3-BF4B-00C04F79EFBC}") = "InfotechLabCase", "InfotechLabCase\InfotechLabCase.csproj", "{072FFF8D-EDEB-492A-B9A4-2F4187506EEB}"
EndProject
Global
	GlobalSection(SolutionConfigurationPlatforms) = preSolution
		Debug|Any CPU = Debug|Any CPU
		Release|Any CPU = Release|Any CPU
	EndGlobalSection
	GlobalSection(ProjectConfigurationPlatforms) = postSolution
		{072FFF8D-EDEB-492A-B9A4-2F4187506EEB}.Debug|Any CPU.ActiveCfg = Debug|Any CPU
		{072FFF8D-EDEB-492A-B9A4-2F4187506EEB}.Debug|Any CPU.Build.0 = Debug|Any CPU
		{072FFF8D-EDEB-492A-B9A4-2F4187506EEB}.Release|Any CPU.ActiveCfg = Release|Any CPU
		{072FFF8D-EDEB-492A-B9A4-2F4187506EEB}.Release|Any CPU.Build.0 = Release|Any CPU
	EndGlobalSection
	GlobalSection(SolutionProperties) = preSolution
		HideSolutionNode = FALSE
	EndGlobalSection
	GlobalSection(ExtensibilityGlobals) = postSolution
		SolutionGuid = {FF8F9B46-6102-453B-918E-6A6B38313882}
	EndGlobalSection
EndGlobal
